
Microsoft Visual Studio Solution File, Format Version 12.00
# Visual Studio Version 17
VisualStudioVersion = 17.9.34616.47
MinimumVisualStudioVersion = 10.0.40219.1
Project("{FAE04EC0-301F-11D3-BF4B-00C04F79EFBC}") = "entrada_de_dados", "entrada_de_dados.csproj", "{F1234327-6923-47C2-9DCB-07AA47C5194A}"
EndProject
Global
	GlobalSection(SolutionConfigurationPlatforms) = preSolution
		Debug|Any CPU = Debug|Any CPU
		Release|Any CPU = Release|Any CPU
	EndGlobalSection
	GlobalSection(ProjectConfigurationPlatforms) = postSolution
		{F1234327-6923-47C2-9DCB-07AA47C5194A}.Debug|Any CPU.ActiveCfg = Debug|Any CPU
		{F1234327-6923-47C2-9DCB-07AA47C5194A}.Debug|Any CPU.Build.0 = Debug|Any CPU
		{F1234327-6923-47C2-9DCB-07AA47C5194A}.Release|Any CPU.ActiveCfg = Release|Any CPU
		{F1234327-6923-47C2-9DCB-07AA47C5194A}.Release|Any CPU.Build.0 = Release|Any CPU
	EndGlobalSection
	GlobalSection(SolutionProperties) = preSolution
		HideSolutionNode = FALSE
	EndGlobalSection
	GlobalSection(ExtensibilityGlobals) = postSolution
		SolutionGuid = {0117B34C-7D28-4622-9FD1-60652CAC3FF9}
	EndGlobalSection
EndGlobal
